// !$*UTF8*$!
{
	archiveVersion = 1;
	classes = {
	};
	objectVersion = 77;
	objects = {

/* Begin PBXBuildFile section */
		7492494A2DDB8DAF00FF66EB /* ContentView.swift in Sources */ = {isa = PBXBuildFile; fileRef = 749249452DDB8DAF00FF66EB /* ContentView.swift */; };
		7492494B2DDB8DAF00FF66EB /* Flashcard.swift in Sources */ = {isa = PBXBuildFile; fileRef = 749249462DDB8DAF00FF66EB /* Flashcard.swift */; };
		7492494C2DDB8DAF00FF66EB /* polish_learnerApp.swift in Sources */ = {isa = PBXBuildFile; fileRef = 749249482DDB8DAF00FF66EB /* polish_learnerApp.swift */; };
		7492494D2DDB8DAF00FF66EB /* Assets.xcassets in Resources */ = {isa = PBXBuildFile; fileRef = 749249442DDB8DAF00FF66EB /* Assets.xcassets */; };
		74ED20AA2DE20F1500883C92 /* GoogleGenerativeAI in Frameworks */ = {isa = PBXBuildFile; productRef = 74ED20A92DE20F1500883C92 /* GoogleGenerativeAI */; };
/* End PBXBuildFile section */

/* Begin PBXFileReference section */
		7492492C2DD9F9BD00FF66EB /* polish_learner.app */ = {isa = PBXFileReference; explicitFileType = wrapper.application; includeInIndex = 0; path = polish_learner.app; sourceTree = BUILT_PRODUCTS_DIR; };
		749249442DDB8DAF00FF66EB /* Assets.xcassets */ = {isa = PBXFileReference; lastKnownFileType = folder.assetcatalog; path = Assets.xcassets; sourceTree = "<group>"; };
		749249452DDB8DAF00FF66EB /* ContentView.swift */ = {isa = PBXFileReference; lastKnownFileType = sourcecode.swift; path = ContentView.swift; sourceTree = "<group>"; };
		749249462DDB8DAF00FF66EB /* Flashcard.swift */ = {isa = PBXFileReference; lastKnownFileType = sourcecode.swift; path = Flashcard.swift; sourceTree = "<group>"; };
		749249472DDB8DAF00FF66EB /* polish_learner.entitlements */ = {isa = PBXFileReference; lastKnownFileType = text.plist.entitlements; path = polish_learner.entitlements; sourceTree = "<group>"; };
		749249482DDB8DAF00FF66EB /* polish_learnerApp.swift */ = {isa = PBXFileReference; lastKnownFileType = sourcecode.swift; path = polish_learnerApp.swift; sourceTree = "<group>"; };
		74DB2DEF2DE46EB9003D559D /* polish-learner-Info.plist */ = {isa = PBXFileReference; lastKnownFileType = text.plist; path = "polish-learner-Info.plist"; sourceTree = SOURCE_ROOT; };
/* End PBXFileReference section */

/* Begin PBXFileSystemSynchronizedRootGroup section */
		7407EA152E1456EE0088FA03 /* ListLearnPhase */ = {
			isa = PBXFileSystemSynchronizedRootGroup;
			path = ListLearnPhase;
			sourceTree = "<group>";
		};
		7407EA312E146A690088FA03 /* LearnPhase */ = {
			isa = PBXFileSystemSynchronizedRootGroup;
			path = LearnPhase;
			sourceTree = "<group>";
		};
		7407EA342E1484F20088FA03 /* ListFlashCards */ = {
			isa = PBXFileSystemSynchronizedRootGroup;
			path = ListFlashCards;
			sourceTree = "<group>";
		};
/* End PBXFileSystemSynchronizedRootGroup section */

/* Begin PBXFrameworksBuildPhase section */
		749249292DD9F9BD00FF66EB /* Frameworks */ = {
			isa = PBXFrameworksBuildPhase;
			buildActionMask = 2147483647;
			files = (
				74ED20AA2DE20F1500883C92 /* GoogleGenerativeAI in Frameworks */,
			);
			runOnlyForDeploymentPostprocessing = 0;
		};
/* End PBXFrameworksBuildPhase section */

/* Begin PBXGroup section */
		749249232DD9F9BD00FF66EB = {
			isa = PBXGroup;
			children = (
				749249492DDB8DAF00FF66EB /* polish_learner */,
				7492492D2DD9F9BD00FF66EB /* Products */,
			);
			sourceTree = "<group>";
		};
		7492492D2DD9F9BD00FF66EB /* Products */ = {
			isa = PBXGroup;
			children = (
				7492492C2DD9F9BD00FF66EB /* polish_learner.app */,
			);
			name = Products;
			sourceTree = "<group>";
		};
		749249492DDB8DAF00FF66EB /* polish_learner */ = {
			isa = PBXGroup;
			children = (
				7407EA342E1484F20088FA03 /* ListFlashCards */,
				7407EA312E146A690088FA03 /* LearnPhase */,
				7407EA152E1456EE0088FA03 /* ListLearnPhase */,
				74DB2DEF2DE46EB9003D559D /* polish-learner-Info.plist */,
				749249442DDB8DAF00FF66EB /* Assets.xcassets */,
				749249452DDB8DAF00FF66EB /* ContentView.swift */,
				749249462DDB8DAF00FF66EB /* Flashcard.swift */,
				749249472DDB8DAF00FF66EB /* polish_learner.entitlements */,
				749249482DDB8DAF00FF66EB /* polish_learnerApp.swift */,
			);
			path = polish_learner;
			sourceTree = "<group>";
		};
/* End PBXGroup section */

/* Begin PBXNativeTarget section */
		7492492B2DD9F9BD00FF66EB /* polish_learner */ = {
			isa = PBXNativeTarget;
			buildConfigurationList = 749249382DD9F9BE00FF66EB /* Build configuration list for PBXNativeTarget "polish_learner" */;
			buildPhases = (
				749249282DD9F9BD00FF66EB /* Sources */,
				749249292DD9F9BD00FF66EB /* Frameworks */,
				7492492A2DD9F9BD00FF66EB /* Resources */,
			);
			buildRules = (
			);
			dependencies = (
			);
			fileSystemSynchronizedGroups = (
				7407EA152E1456EE0088FA03 /* ListLearnPhase */,
				7407EA312E146A690088FA03 /* LearnPhase */,
				7407EA342E1484F20088FA03 /* ListFlashCards */,
			);
			name = polish_learner;
			packageProductDependencies = (
				74ED20A92DE20F1500883C92 /* GoogleGenerativeAI */,
			);
			productName = polish_learner;
			productReference = 7492492C2DD9F9BD00FF66EB /* polish_learner.app */;
			productType = "com.apple.product-type.application";
		};
/* End PBXNativeTarget section */

/* Begin PBXProject section */
		749249242DD9F9BD00FF66EB /* Project object */ = {
			isa = PBXProject;
			attributes = {
				BuildIndependentTargetsInParallel = 1;
				LastSwiftUpdateCheck = 1630;
				LastUpgradeCheck = 1630;
				TargetAttributes = {
					7492492B2DD9F9BD00FF66EB = {
						CreatedOnToolsVersion = 16.3;
					};
				};
			};
			buildConfigurationList = 749249272DD9F9BD00FF66EB /* Build configuration list for PBXProject "polish_learner" */;
			developmentRegion = en;
			hasScannedForEncodings = 0;
			knownRegions = (
				en,
				Base,
			);
			mainGroup = 749249232DD9F9BD00FF66EB;
			minimizedProjectReferenceProxies = 1;
			packageReferences = (
				74ED20A82DE20F1500883C92 /* XCRemoteSwiftPackageReference "deprecated-generative-ai-swift" */,
			);
			preferredProjectObjectVersion = 77;
			productRefGroup = 7492492D2DD9F9BD00FF66EB /* Products */;
			projectDirPath = "";
			projectRoot = "";
			targets = (
				7492492B2DD9F9BD00FF66EB /* polish_learner */,
			);
		};
/* End PBXProject section */

/* Begin PBXResourcesBuildPhase section */
		7492492A2DD9F9BD00FF66EB /* Resources */ = {
			isa = PBXResourcesBuildPhase;
			buildActionMask = 2147483647;
			files = (
				7492494D2DDB8DAF00FF66EB /* Assets.xcassets in Resources */,
			);
			runOnlyForDeploymentPostprocessing = 0;
		};
/* End PBXResourcesBuildPhase section */

/* Begin PBXSourcesBuildPhase section */
		749249282DD9F9BD00FF66EB /* Sources */ = {
			isa = PBXSourcesBuildPhase;
			buildActionMask = 2147483647;
			files = (
				7492494A2DDB8DAF00FF66EB /* ContentView.swift in Sources */,
				7492494B2DDB8DAF00FF66EB /* Flashcard.swift in Sources */,
				7492494C2DDB8DAF00FF66EB /* polish_learnerApp.swift in Sources */,
			);
			runOnlyForDeploymentPostprocessing = 0;
		};
/* End PBXSourcesBuildPhase section */

/* Begin XCBuildConfiguration section */
		749249362DD9F9BE00FF66EB /* Debug */ = {
			isa = XCBuildConfiguration;
			buildSettings = {
				ALWAYS_SEARCH_USER_PATHS = NO;
				ASSETCATALOG_COMPILER_GENERATE_SWIFT_ASSET_SYMBOL_EXTENSIONS = YES;
				CLANG_ANALYZER_NONNULL = YES;
				CLANG_ANALYZER_NUMBER_OBJECT_CONVERSION = YES_AGGRESSIVE;
				CLANG_CXX_LANGUAGE_STANDARD = "gnu++20";
				CLANG_ENABLE_MODULES = YES;
				CLANG_ENABLE_OBJC_ARC = YES;
				CLANG_ENABLE_OBJC_WEAK = YES;
				CLANG_WARN_BLOCK_CAPTURE_AUTORELEASING = YES;
				CLANG_WARN_BOOL_CONVERSION = YES;
				CLANG_WARN_COMMA = YES;
				CLANG_WARN_CONSTANT_CONVERSION = YES;
				CLANG_WARN_DEPRECATED_OBJC_IMPLEMENTATIONS = YES;
				CLANG_WARN_DIRECT_OBJC_ISA_USAGE = YES_ERROR;
				CLANG_WARN_DOCUMENTATION_COMMENTS = YES;
				CLANG_WARN_EMPTY_BODY = YES;
				CLANG_WARN_ENUM_CONVERSION = YES;
				CLANG_WARN_INFINITE_RECURSION = YES;
				CLANG_WARN_INT_CONVERSION = YES;
				CLANG_WARN_NON_LITERAL_NULL_CONVERSION = YES;
				CLANG_WARN_OBJC_IMPLICIT_RETAIN_SELF = YES;
				CLANG_WARN_OBJC_LITERAL_CONVERSION = YES;
				CLANG_WARN_OBJC_ROOT_CLASS = YES_ERROR;
				CLANG_WARN_QUOTED_INCLUDE_IN_FRAMEWORK_HEADER = YES;
				CLANG_WARN_RANGE_LOOP_ANALYSIS = YES;
				CLANG_WARN_STRICT_PROTOTYPES = YES;
				CLANG_WARN_SUSPICIOUS_MOVE = YES;
				CLANG_WARN_UNGUARDED_AVAILABILITY = YES_AGGRESSIVE;
				CLANG_WARN_UNREACHABLE_CODE = YES;
				CLANG_WARN__DUPLICATE_METHOD_MATCH = YES;
				COPY_PHASE_STRIP = NO;
				DEBUG_INFORMATION_FORMAT = dwarf;
				ENABLE_STRICT_OBJC_MSGSEND = YES;
				ENABLE_TESTABILITY = YES;
				ENABLE_USER_SCRIPT_SANDBOXING = YES;
				GCC_C_LANGUAGE_STANDARD = gnu17;
				GCC_DYNAMIC_NO_PIC = NO;
				GCC_NO_COMMON_BLOCKS = YES;
				GCC_OPTIMIZATION_LEVEL = 0;
				GCC_PREPROCESSOR_DEFINITIONS = (
					"DEBUG=1",
					"$(inherited)",
				);
				GCC_WARN_64_TO_32_BIT_CONVERSION = YES;
				GCC_WARN_ABOUT_RETURN_TYPE = YES_ERROR;
				GCC_WARN_UNDECLARED_SELECTOR = YES;
				GCC_WARN_UNINITIALIZED_AUTOS = YES_AGGRESSIVE;
				GCC_WARN_UNUSED_FUNCTION = YES;
				GCC_WARN_UNUSED_VARIABLE = YES;
				LOCALIZATION_PREFERS_STRING_CATALOGS = YES;
				MACOSX_DEPLOYMENT_TARGET = 15.4;
				MTL_ENABLE_DEBUG_INFO = INCLUDE_SOURCE;
				MTL_FAST_MATH = YES;
				ONLY_ACTIVE_ARCH = YES;
				SDKROOT = macosx;
				SWIFT_ACTIVE_COMPILATION_CONDITIONS = "DEBUG $(inherited)";
				SWIFT_OPTIMIZATION_LEVEL = "-Onone";
			};
			name = Debug;
		};
		749249372DD9F9BE00FF66EB /* Release */ = {
			isa = XCBuildConfiguration;
			buildSettings = {
				ALWAYS_SEARCH_USER_PATHS = NO;
				ASSETCATALOG_COMPILER_GENERATE_SWIFT_ASSET_SYMBOL_EXTENSIONS = YES;
				CLANG_ANALYZER_NONNULL = YES;
				CLANG_ANALYZER_NUMBER_OBJECT_CONVERSION = YES_AGGRESSIVE;
				CLANG_CXX_LANGUAGE_STANDARD = "gnu++20";
				CLANG_ENABLE_MODULES = YES;
				CLANG_ENABLE_OBJC_ARC = YES;
				CLANG_ENABLE_OBJC_WEAK = YES;
				CLANG_WARN_BLOCK_CAPTURE_AUTORELEASING = YES;
				CLANG_WARN_BOOL_CONVERSION = YES;
				CLANG_WARN_COMMA = YES;
				CLANG_WARN_CONSTANT_CONVERSION = YES;
				CLANG_WARN_DEPRECATED_OBJC_IMPLEMENTATIONS = YES;
				CLANG_WARN_DIRECT_OBJC_ISA_USAGE = YES_ERROR;
				CLANG_WARN_DOCUMENTATION_COMMENTS = YES;
				CLANG_WARN_EMPTY_BODY = YES;
				CLANG_WARN_ENUM_CONVERSION = YES;
				CLANG_WARN_INFINITE_RECURSION = YES;
				CLANG_WARN_INT_CONVERSION = YES;
				CLANG_WARN_NON_LITERAL_NULL_CONVERSION = YES;
				CLANG_WARN_OBJC_IMPLICIT_RETAIN_SELF = YES;
				CLANG_WARN_OBJC_LITERAL_CONVERSION = YES;
				CLANG_WARN_OBJC_ROOT_CLASS = YES_ERROR;
				CLANG_WARN_QUOTED_INCLUDE_IN_FRAMEWORK_HEADER = YES;
				CLANG_WARN_RANGE_LOOP_ANALYSIS = YES;
				CLANG_WARN_STRICT_PROTOTYPES = YES;
				CLANG_WARN_SUSPICIOUS_MOVE = YES;
				CLANG_WARN_UNGUARDED_AVAILABILITY = YES_AGGRESSIVE;
				CLANG_WARN_UNREACHABLE_CODE = YES;
				CLANG_WARN__DUPLICATE_METHOD_MATCH = YES;
				COPY_PHASE_STRIP = NO;
				DEBUG_INFORMATION_FORMAT = "dwarf-with-dsym";
				ENABLE_NS_ASSERTIONS = NO;
				ENABLE_STRICT_OBJC_MSGSEND = YES;
				ENABLE_USER_SCRIPT_SANDBOXING = YES;
				GCC_C_LANGUAGE_STANDARD = gnu17;
				GCC_NO_COMMON_BLOCKS = YES;
				GCC_WARN_64_TO_32_BIT_CONVERSION = YES;
				GCC_WARN_ABOUT_RETURN_TYPE = YES_ERROR;
				GCC_WARN_UNDECLARED_SELECTOR = YES;
				GCC_WARN_UNINITIALIZED_AUTOS = YES_AGGRESSIVE;
				GCC_WARN_UNUSED_FUNCTION = YES;
				GCC_WARN_UNUSED_VARIABLE = YES;
				LOCALIZATION_PREFERS_STRING_CATALOGS = YES;
				MACOSX_DEPLOYMENT_TARGET = 15.4;
				MTL_ENABLE_DEBUG_INFO = NO;
				MTL_FAST_MATH = YES;
				SDKROOT = macosx;
				SWIFT_COMPILATION_MODE = wholemodule;
			};
			name = Release;
		};
		749249392DD9F9BE00FF66EB /* Debug */ = {
			isa = XCBuildConfiguration;
			buildSettings = {
				ASSETCATALOG_COMPILER_APPICON_NAME = AppIcon;
				ASSETCATALOG_COMPILER_GLOBAL_ACCENT_COLOR_NAME = AccentColor;
				CODE_SIGN_ENTITLEMENTS = polish_learner/polish_learner.entitlements;
				CODE_SIGN_STYLE = Automatic;
				COMBINE_HIDPI_IMAGES = YES;
				CURRENT_PROJECT_VERSION = 1;
				ENABLE_PREVIEWS = YES;
				GENERATE_INFOPLIST_FILE = YES;
				INFOPLIST_FILE = "polish-learner-Info.plist";
				INFOPLIST_KEY_NSHumanReadableCopyright = "";
				LD_RUNPATH_SEARCH_PATHS = (
					"$(inherited)",
					"@executable_path/../Frameworks",
				);
				MARKETING_VERSION = 1.0;
				PRODUCT_BUNDLE_IDENTIFIER = "mikolaj.polish-learner";
				PRODUCT_NAME = "$(TARGET_NAME)";
				REGISTER_APP_GROUPS = YES;
				SWIFT_EMIT_LOC_STRINGS = YES;
				SWIFT_VERSION = 5.0;
			};
			name = Debug;
		};
		7492493A2DD9F9BE00FF66EB /* Release */ = {
			isa = XCBuildConfiguration;
			buildSettings = {
				ASSETCATALOG_COMPILER_APPICON_NAME = AppIcon;
				ASSETCATALOG_COMPILER_GLOBAL_ACCENT_COLOR_NAME = AccentColor;
				CODE_SIGN_ENTITLEMENTS = polish_learner/polish_learner.entitlements;
				CODE_SIGN_STYLE = Automatic;
				COMBINE_HIDPI_IMAGES = YES;
				CURRENT_PROJECT_VERSION = 1;
				ENABLE_PREVIEWS = YES;
				GENERATE_INFOPLIST_FILE = YES;
				INFOPLIST_FILE = "polish-learner-Info.plist";
				INFOPLIST_KEY_NSHumanReadableCopyright = "";
				LD_RUNPATH_SEARCH_PATHS = (
					"$(inherited)",
					"@executable_path/../Frameworks",
				);
				MARKETING_VERSION = 1.0;
				PRODUCT_BUNDLE_IDENTIFIER = "mikolaj.polish-learner";
				PRODUCT_NAME = "$(TARGET_NAME)";
				REGISTER_APP_GROUPS = YES;
				SWIFT_EMIT_LOC_STRINGS = YES;
				SWIFT_VERSION = 5.0;
			};
			name = Release;
		};
/* End XCBuildConfiguration section */

/* Begin XCConfigurationList section */
		749249272DD9F9BD00FF66EB /* Build configuration list for PBXProject "polish_learner" */ = {
			isa = XCConfigurationList;
			buildConfigurations = (
				749249362DD9F9BE00FF66EB /* Debug */,
				749249372DD9F9BE00FF66EB /* Release */,
			);
			defaultConfigurationIsVisible = 0;
			defaultConfigurationName = Release;
		};
		749249382DD9F9BE00FF66EB /* Build configuration list for PBXNativeTarget "polish_learner" */ = {
			isa = XCConfigurationList;
			buildConfigurations = (
				749249392DD9F9BE00FF66EB /* Debug */,
				7492493A2DD9F9BE00FF66EB /* Release */,
			);
			defaultConfigurationIsVisible = 0;
			defaultConfigurationName = Release;
		};
/* End XCConfigurationList section */

/* Begin XCRemoteSwiftPackageReference section */
		74ED20A82DE20F1500883C92 /* XCRemoteSwiftPackageReference "deprecated-generative-ai-swift" */ = {
			isa = XCRemoteSwiftPackageReference;
			repositoryURL = "https://github.com/google-gemini/deprecated-generative-ai-swift";
			requirement = {
				kind = upToNextMajorVersion;
				minimumVersion = 0.5.6;
			};
		};
/* End XCRemoteSwiftPackageReference section */

/* Begin XCSwiftPackageProductDependency section */
		74ED20A92DE20F1500883C92 /* GoogleGenerativeAI */ = {
			isa = XCSwiftPackageProductDependency;
			package = 74ED20A82DE20F1500883C92 /* XCRemoteSwiftPackageReference "deprecated-generative-ai-swift" */;
			productName = GoogleGenerativeAI;
		};
/* End XCSwiftPackageProductDependency section */
	};
	rootObject = 749249242DD9F9BD00FF66EB /* Project object */;
}
